{
  "version": 1,
  "dependencies": {
    ".NETFramework,Version=v4.5.1": {
      "Ben.Demystifier": {
        "type": "Direct",
        "requested": "[0.1.0, )",
        "resolved": "0.1.0",
        "contentHash": "f1qVrK9v5MryKsgQ9s0qDuX/jQjPXsrS+mA+MH6OnVs33lTYkCn976RX8gqmwVsRbe3Z/8ojCSTfgRJ6Kh/5vw==",
        "dependencies": {
          "System.Reflection.Metadata": "1.5.0",
          "System.ValueTuple": "4.4.0"
        }
      },
      "Microsoft.Extensions.DependencyInjection": {
        "type": "Direct",
        "requested": "[1.0.0, )",
        "resolved": "1.0.0",
        "contentHash": "zdtkiZNV6LB8xtpmfyUjP/9N9ZCL/ydQ+0bfjun38fbrk+MDEm9M2yeLzRdq+OIt5xExw/KU04wFaVwJ1bhQPg==",
        "dependencies": {
          "Microsoft.Extensions.DependencyInjection.Abstractions": "1.0.0",
          "System.Collections": "4.0.11",
          "System.Collections.Concurrent": "4.0.12",
          "System.Runtime.Extensions": "4.1.0",
          "System.Threading": "4.0.11",
          "System.Threading.Tasks": "4.0.11"
        }
      },
      "Microsoft.Extensions.Options": {
        "type": "Direct",
        "requested": "[1.0.0, )",
        "resolved": "1.0.0",
        "contentHash": "SdP3yPKF++JTkoa91pBDiE70uQkR/gdXWzOnMPbSj+eOqY1vgY+b8RVl+gh7TrJ2wlCK2QqnQtvCQlPPZRK36w==",
        "dependencies": {
          "Microsoft.Extensions.DependencyInjection.Abstractions": "1.0.0",
          "Microsoft.Extensions.Primitives": "1.0.0",
          "System.ComponentModel": "4.0.1",
          "System.Diagnostics.Debug": "4.0.11",
          "System.Globalization": "4.0.11",
          "System.Linq": "4.1.0",
          "System.Linq.Expressions": "4.1.0",
          "System.Reflection": "4.1.0",
          "System.Resources.ResourceManager": "4.0.1",
          "System.Runtime.Extensions": "4.1.0",
          "System.Threading": "4.0.11"
        }
      },
      "Microsoft.NETFramework.ReferenceAssemblies": {
        "type": "Direct",
        "requested": "[1.0.0, )",
        "resolved": "1.0.0",
        "contentHash": "7D2TMufjGiowmt0E941kVoTIS+GTNzaPopuzM1/1LSaJAdJdBrVP0SkZW7AgDd0a2U1DjsIeaKG1wxGVBNLDMw==",
        "dependencies": {
          "Microsoft.NETFramework.ReferenceAssemblies.net451": "1.0.0"
        }
      },
      "Microsoft.Owin": {
        "type": "Direct",
        "requested": "[3.0.1, )",
        "resolved": "3.0.1",
        "contentHash": "64yZsGN9uRnXNVAyAT4F6KWmdDUJ6yX4uqzxKTdGANKH1oMt0IKZ7THRRa3mXIOo8iSu4tq/DCBUycUY9pXZzw==",
        "dependencies": {
          "Owin": "1.0.0"
        }
      },
      "Microsoft.Owin.Security": {
        "type": "Direct",
        "requested": "[3.0.1, )",
        "resolved": "3.0.1",
        "contentHash": "LPoUxaTKzmjs97wDCTtBIoRwp30Jkq9UFnoj+EfMFJv+XxjcvHE/D573LRomA568WhvXoI2cUiwhZFvqfbLMVg==",
        "dependencies": {
          "Microsoft.Owin": "3.0.1",
          "Owin": "1.0.0"
        }
      },
      "Owin": {
        "type": "Direct",
        "requested": "[1.0.0, )",
        "resolved": "1.0.0",
        "contentHash": "OseTFniKmyp76mEzOBwIKGBRS5eMoYNkMKaMXOpxx9jv88+b6mh1rSaw43vjBOItNhaLFG3d0a20PfHyibH5sw=="
      },
      "Microsoft.CodeAnalysis.Analyzers": {
        "type": "Transitive",
        "resolved": "1.0.0",
        "contentHash": "E7VdmGw6xO3VHWapC+pNLZmo6yncS53UY3bmb5WZm9wliJBB1A6brgzKA4fcqiLrmJFx71r0M2zEbRDphRLUNg=="
      },
      "Microsoft.CodeAnalysis.Common": {
        "type": "Transitive",
        "resolved": "1.0.0",
        "contentHash": "MhxsY8N9veim57uXqcRCJb7X9xZoWhMDU4/EyIqNkS7qfRsLxrzELSpjp6NjFkISZElvwIV2Ehi3UxyJui/gPw==",
        "dependencies": {
          "Microsoft.CodeAnalysis.Analyzers": "[1.0.0]",
          "System.Collections.Immutable": "1.1.36",
          "System.Reflection.Metadata": "1.0.21"
        }
      },
      "Microsoft.CodeAnalysis.CSharp": {
        "type": "Transitive",
        "resolved": "1.0.0",
        "contentHash": "KZ70r7EF+Dn8qp2p1CiBJGVoIG6el7Q9cLhnXuq+3oLcnMvUk2XzimB36AgO/Qg/liqRzf992WmFWhwqZSaIEg==",
        "dependencies": {
          "Microsoft.CodeAnalysis.Common": "[1.0.0]"
        }
      },
      "Microsoft.Extensions.DependencyInjection.Abstractions": {
        "type": "Transitive",
        "resolved": "1.0.0",
        "contentHash": "+XwaNo3o9RhLQhUnnOBCaukeRi1X9yYc0Fzye9RlErSflKZdw0VgHtn6rvKo0FTionsW0x8QVULhKH+nkqVjQA==",
        "dependencies": {
          "System.ComponentModel": "4.0.1",
          "System.Diagnostics.Debug": "4.0.11",
          "System.Globalization": "4.0.11",
          "System.Linq": "4.1.0",
          "System.Linq.Expressions": "4.1.0",
          "System.Reflection": "4.1.0",
          "System.Resources.ResourceManager": "4.0.1"
        }
      },
      "Microsoft.Extensions.Primitives": {
        "type": "Transitive",
        "resolved": "1.0.0",
        "contentHash": "3q2vzfKEDjL6JFkRpk5SFA3zarYsO6+ZYgoucNImrUMzDn0mFbEOL5p9oPoWiypwypbJVVjWTf557bXZ0YFLig==",
        "dependencies": {
          "System.Resources.ResourceManager": "4.0.1",
          "System.Runtime": "4.1.0"
        }
      },
      "Microsoft.NETFramework.ReferenceAssemblies.net451": {
        "type": "Transitive",
        "resolved": "1.0.0",
        "contentHash": "uf46CKcmU+8F3nvnT0IU8MnsV9tQa5vPWA/6XNkje6ZW7+EZPOwXTwa/ZX/v4kgJqADYOD72jP0VRIySok6nBw=="
      },
      "Newtonsoft.Json": {
        "type": "Transitive",
        "resolved": "10.0.3",
        "contentHash": "hSXaFmh7hNCuEoC4XNY5DrRkLDzYHqPx/Ik23R4J86Z7PE/Y6YidhG602dFVdLBRSdG6xp9NabH3dXpcoxWvww=="
      },
      "Newtonsoft.Json.Bson": {
        "type": "Transitive",
        "resolved": "1.0.1",
        "contentHash": "5PYT/IqQ+UK31AmZiSS102R6EsTo+LGTSI8bp7WAUqDKaF4wHXD8U9u4WxTI1vc64tYi++8p3dk3WWNqPFgldw==",
        "dependencies": {
          "Newtonsoft.Json": "10.0.1"
        }
      },
      "System.Collections": {
        "type": "Transitive",
        "resolved": "4.0.11",
        "contentHash": "YUJGz6eFKqS0V//mLt25vFGrrCvOnsXjlvFQs+KimpwNxug9x0Pzy4PlFMU3Q2IzqAa9G2L4LsK3+9vCBK7oTg=="
      },
      "System.Collections.Concurrent": {
        "type": "Transitive",
        "resolved": "4.0.12",
        "contentHash": "2gBcbb3drMLgxlI0fBfxMA31ec6AEyYCHygGse4vxceJan8mRIWeKJ24BFzN7+bi/NFTgdIgufzb94LWO5EERQ=="
      },
      "System.Collections.Immutable": {
        "type": "Transitive",
        "resolved": "1.4.0",
        "contentHash": "71hw5RUJRu5+q/geUY69gpXD8Upd12cH+F3MwpXV2zle7Bqqkrmc1JblOTuvUcgmdnUtQvBlV5e1d6RH+H2lvA=="
      },
      "System.ComponentModel": {
        "type": "Transitive",
        "resolved": "4.0.1",
        "contentHash": "oBZFnm7seFiVfugsIyOvQCWobNZs7FzqDV/B7tx20Ep/l3UUFCPDkdTnCNaJZTU27zjeODmy2C/cP60u3D4c9w=="
      },
      "System.Diagnostics.Debug": {
        "type": "Transitive",
        "resolved": "4.0.11",
        "contentHash": "w5U95fVKHY4G8ASs/K5iK3J5LY+/dLFd4vKejsnI/ZhBsWS9hQakfx3Zr7lRWKg4tAw9r4iktyvsTagWkqYCiw=="
      },
      "System.Globalization": {
        "type": "Transitive",
        "resolved": "4.0.11",
        "contentHash": "B95h0YLEL2oSnwF/XjqSWKnwKOy/01VWkNlsCeMTFJLLabflpGV26nK164eRs5GiaRSBGpOxQ3pKoSnnyZN5pg=="
      },
      "System.Linq": {
        "type": "Transitive",
        "resolved": "4.1.0",
        "contentHash": "bQ0iYFOQI0nuTnt+NQADns6ucV4DUvMdwN6CbkB1yj8i7arTGiTN5eok1kQwdnnNWSDZfIUySQY+J3d5KjWn0g=="
      },
      "System.Linq.Expressions": {
        "type": "Transitive",
        "resolved": "4.1.0",
        "contentHash": "I+y02iqkgmCAyfbqOmSDOgqdZQ5tTj80Akm5BPSS8EeB0VGWdy6X1KCoYe8Pk6pwDoAKZUOdLVxnTJcExiv5zw=="
      },
      "System.Reflection": {
        "type": "Transitive",
        "resolved": "4.1.0",
        "contentHash": "JCKANJ0TI7kzoQzuwB/OoJANy1Lg338B6+JVacPl4TpUwi3cReg3nMLplMq2uqYfHFQpKIlHAUVAJlImZz/4ng=="
      },
      "System.Reflection.Metadata": {
        "type": "Transitive",
        "resolved": "1.5.0",
        "contentHash": "423hF/x1/1/aBT6hjgrp8RH2zdKOd1iTujlHisSesTW/cgv1ixUitfk23ZknVzItMm6jnwp9CBwI2P3r9jpitw==",
        "dependencies": {
          "System.Collections.Immutable": "1.4.0"
        }
      },
      "System.Resources.ResourceManager": {
        "type": "Transitive",
        "resolved": "4.0.1",
        "contentHash": "TxwVeUNoTgUOdQ09gfTjvW411MF+w9MBYL7AtNVc+HtBCFlutPLhUCdZjNkjbhj3bNQWMdHboF0KIWEOjJssbA=="
      },
      "System.Runtime": {
        "type": "Transitive",
        "resolved": "4.1.0",
        "contentHash": "v6c/4Yaa9uWsq+JMhnOFewrYkgdNHNG2eMKuNqRn8P733rNXeRCGvV5FkkjBXn2dbVkPXOsO0xjsEeM1q2zC0g=="
      },
      "System.Runtime.Extensions": {
        "type": "Transitive",
        "resolved": "4.1.0",
        "contentHash": "CUOHjTT/vgP0qGW22U4/hDlOqXmcPq5YicBaXdUR2UiUoLwBT+olO6we4DVbq57jeX5uXH2uerVZhf0qGj+sVQ=="
      },
      "System.Threading": {
        "type": "Transitive",
        "resolved": "4.0.11",
        "contentHash": "N+3xqIcg3VDKyjwwCGaZ9HawG9aC6cSDI+s7ROma310GQo8vilFZa86hqKppwTHleR/G0sfOzhvgnUxWCR/DrQ=="
      },
      "System.Threading.Tasks": {
        "type": "Transitive",
        "resolved": "4.0.11",
        "contentHash": "k1S4Gc6IGwtHGT8188RSeGaX86Qw/wnrgNLshJvsdNUOPP9etMmo8S07c+UlOAx4K/xLuN9ivA1bD0LVurtIxQ=="
      },
      "System.ValueTuple": {
        "type": "Transitive",
        "resolved": "4.4.0",
        "contentHash": "BahUww/+mdP4ARCAh2RQhQTg13wYLVrBb9SYVgW8ZlrwjraGCXHGjo0oIiUfZ34LUZkMMR+RAzR7dEY4S1HeQQ=="
      },
      "DotVVM": {
        "type": "Project",
        "dependencies": {
          "DotVVM.Core": "3.0.0",
          "Microsoft.CodeAnalysis.CSharp": "1.0.0",
          "Microsoft.Extensions.DependencyInjection": "1.0.0",
          "Microsoft.Extensions.Options": "1.0.0",
          "Newtonsoft.Json": "10.0.3",
          "Newtonsoft.Json.Bson": "1.0.1",
          "System.ValueTuple": "4.4.0"
        }
      },
      "dotvvm.core": {
        "type": "Project",
        "dependencies": {
          "Newtonsoft.Json": "10.0.3"
        }
      }
    },
    ".NETFramework,Version=v4.5.1/win7-x64": {},
    ".NETFramework,Version=v4.5.1/win7-x86": {}
  }
}