{
  "version": 1,
  "dependencies": {
    ".NETCoreApp,Version=v3.1": {
      "MedallionShell.StrongName": {
        "type": "Direct",
        "requested": "[1.6.1, )",
        "resolved": "1.6.1",
        "contentHash": "kqBRKaWWDoOV0TCaPJ0Ay7a31cBvgW2e0i5+TRlj1JPADxwl23hzLsyXw+zXM6eVvd1KHy04deFd7EDuiyUUZA=="
      },
      "Microsoft.Extensions.Logging.Console": {
        "type": "Direct",
        "requested": "[3.1.7, )",
        "resolved": "3.1.7",
        "contentHash": "rbFWSXzxP9eMzEiFJsOgxc7I8Wy+gJjkl2ROR3KHD0mCQzBjnJ1VR4Dsu5k1AIThwPbC+WoOzMjqNe0Jwxvwpg==",
        "dependencies": {
          "Microsoft.Extensions.Configuration.Abstractions": "3.1.7",
          "Microsoft.Extensions.Logging": "3.1.7",
          "Microsoft.Extensions.Logging.Configuration": "3.1.7"
        }
      },
      "Microsoft.VisualStudio.Setup.Configuration.Interop": {
        "type": "Direct",
        "requested": "[2.3.2262-g94fae01e, )",
        "resolved": "2.3.2262-g94fae01e",
        "contentHash": "4gtZkzmdkm6o1fHvFCAslcoLKpWn+zUaDJ3O8gqKPy3019a8KLD2kUxE8ipqNnMUGw3BmX00hKXGmgIULsjcGA=="
      },
      "System.CommandLine": {
        "type": "Direct",
        "requested": "[2.0.0-beta1.20371.2, )",
        "resolved": "2.0.0-beta1.20371.2",
        "contentHash": "L6cnw4QgaLAOpUPSW1TjYGJGKsUvyDYvdQ/Gqv0/EnOSzByEf+IlAK1sRu+bcAhBrdws+eNPcOarg1Qj33oNDA==",
        "dependencies": {
          "Microsoft.CSharp": "4.4.1",
          "system.memory": "4.5.4"
        }
      },
      "Microsoft.CSharp": {
        "type": "Transitive",
        "resolved": "4.4.1",
        "contentHash": "A5hI3gk6WpcBI0QGZY6/d5CCaYUxJgi7iENn1uYEng+Olo8RfI5ReGVkjXjeu3VR3srLvVYREATXa2M0X7FYJA=="
      },
      "Microsoft.Extensions.Configuration": {
        "type": "Transitive",
        "resolved": "3.1.7",
        "contentHash": "JCVsQYNZNGeLXWMw6tkCZ8Wa2IQKF9AiLKeq9Ff2XvGJTMzhYEHAzF/FvHdeBBhPiOf+Kl1t6mdcHL93kUz6MA==",
        "dependencies": {
          "Microsoft.Extensions.Configuration.Abstractions": "3.1.7"
        }
      },
      "Microsoft.Extensions.Configuration.Abstractions": {
        "type": "Transitive",
        "resolved": "3.1.7",
        "contentHash": "WJEbrrIgly95D9rM8Gwr4w8sbYla6/iOcCZ0UE7+Qg/Q8NnQJwAJ60Lq1A26zbNE8Fm1fkbGU90LDl8e+BoRSQ==",
        "dependencies": {
          "Microsoft.Extensions.Primitives": "3.1.7"
        }
      },
      "Microsoft.Extensions.Configuration.Binder": {
        "type": "Transitive",
        "resolved": "3.1.7",
        "contentHash": "FYQ64i7DwYO6XDdOFi+VkoRDDzel570I+X/vTYt6mVJWNj1SAstXwZ71P5d6P2Cei+cT950NiScOwj4F8EUeTA==",
        "dependencies": {
          "Microsoft.Extensions.Configuration": "3.1.7"
        }
      },
      "Microsoft.Extensions.DependencyInjection": {
        "type": "Transitive",
        "resolved": "3.1.7",
        "contentHash": "yp38AFc5tJQZkjINjXBcxq+dANU06lo27D84duitZthtRPsgKJL87uf9RWRsDdRsWd+kXflmdMWFLKFjyKx6Pw==",
        "dependencies": {
          "Microsoft.Extensions.DependencyInjection.Abstractions": "3.1.7"
        }
      },
      "Microsoft.Extensions.DependencyInjection.Abstractions": {
        "type": "Transitive",
        "resolved": "3.1.7",
        "contentHash": "oKL2yNtTN1/cOp+cbdyv5TeLzO+GkO9B3fvbcPzKWTNCkDoH3ccYS3FWC1p4KSYe9frW4WsyfSTeM8X+xftOig=="
      },
      "Microsoft.Extensions.Logging": {
        "type": "Transitive",
        "resolved": "3.1.7",
        "contentHash": "p68Hvr8S+t+bGUeXRX6wcjlkK961w0YRXWy8O6pkTsucdNpnzB8mwLIgcnQ7oj0biw8S1Ftv4PREzPIwo1UwpA==",
        "dependencies": {
          "Microsoft.Extensions.Configuration.Binder": "3.1.7",
          "Microsoft.Extensions.DependencyInjection": "3.1.7",
          "Microsoft.Extensions.Logging.Abstractions": "3.1.7",
          "Microsoft.Extensions.Options": "3.1.7"
        }
      },
      "Microsoft.Extensions.Logging.Abstractions": {
        "type": "Transitive",
        "resolved": "3.1.7",
        "contentHash": "oD7LQbMuaqq/yAz8PKX0hl4+H/vDFTQHo8rxbKB36P1/bG8FG7JUVKBoHkSt1MaJUtgyiHrH1AlAhaucKUKyEg=="
      },
      "Microsoft.Extensions.Logging.Configuration": {
        "type": "Transitive",
        "resolved": "3.1.7",
        "contentHash": "lfV0JUsVb/AyYWoZpsn2vmJe+C1hO34FlPh1YDNIpgHbpmK4IbQpGkcjQ2MPyFohJUHmscB9tST5J3xfTYIQEQ==",
        "dependencies": {
          "Microsoft.Extensions.Logging": "3.1.7",
          "Microsoft.Extensions.Options.ConfigurationExtensions": "3.1.7"
        }
      },
      "Microsoft.Extensions.Options": {
        "type": "Transitive",
        "resolved": "3.1.7",
        "contentHash": "O5TXu1D79hbaZuKCIK4mswSP86MtmiIQjuOZnVhPdbjOVILsoQwZUtnmU2xRfX1E0QWuFEI0umhw3mDDn6dNHw==",
        "dependencies": {
          "Microsoft.Extensions.DependencyInjection.Abstractions": "3.1.7",
          "Microsoft.Extensions.Primitives": "3.1.7"
        }
      },
      "Microsoft.Extensions.Options.ConfigurationExtensions": {
        "type": "Transitive",
        "resolved": "3.1.7",
        "contentHash": "VYW5bmNoNM852QmWvlPS1iktEZ4loGCfcoP0/UASpsjOZejGAvk0XTRdwh1DFv6AvWT0NYitdbx4y3Sqigr42g==",
        "dependencies": {
          "Microsoft.Extensions.Configuration.Abstractions": "3.1.7",
          "Microsoft.Extensions.Configuration.Binder": "3.1.7",
          "Microsoft.Extensions.DependencyInjection.Abstractions": "3.1.7",
          "Microsoft.Extensions.Options": "3.1.7"
        }
      },
      "Microsoft.Extensions.Primitives": {
        "type": "Transitive",
        "resolved": "3.1.7",
        "contentHash": "sa17s3vDAXTuIVGxuJcK713i0B0iaUoiwY4Sl2SLHhMqM8snznn0YVGiZAVkoKEUFWjvIg1Z/JNmAicBamI4mg=="
      },
      "System.Memory": {
        "type": "Transitive",
        "resolved": "4.5.4",
        "contentHash": "1MbJTHS1lZ4bS4FmsJjnuGJOu88ZzTT2rLvrhW7Ygic+pC0NWA+3hgAen0HRdsocuQXCkUTdFn9yHJJhsijDXw=="
      }
    }
  }
}