
Microsoft Visual Studio Solution File, Format Version 12.00
# Visual Studio Version 16
VisualStudioVersion = 16.6.30114.105
MinimumVisualStudioVersion = 10.0.40219.1
Project("{9A19103F-16F7-4668-BE54-9A1E7A4F7556}") = "DotVVM.Core", "DotVVM.Core\DotVVM.Core.csproj", "{9BC2F77B-9C80-4435-8B12-2B010C0ADE5C}"
EndProject
Project("{9A19103F-16F7-4668-BE54-9A1E7A4F7556}") = "DotVVM.Framework", "DotVVM.Framework\DotVVM.Framework.csproj", "{0C6F5339-5FED-47A5-9130-BFB7D282B7BF}"
EndProject
Project("{9A19103F-16F7-4668-BE54-9A1E7A4F7556}") = "DotVVM.Framework.Api.Swashbuckle.Owin", "DotVVM.Framework.Api.Swashbuckle.Owin\DotVVM.Framework.Api.Swashbuckle.Owin.csproj", "{24A24726-BF8A-4AE1-8B7C-2EAADA195955}"
EndProject
Project("{9A19103F-16F7-4668-BE54-9A1E7A4F7556}") = "EmbeddedResourceControls", "EmbeddedResourceControls\EmbeddedResourceControls.csproj", "{D03D7DB1-A0FF-464F-8A96-296B8592F524}"
EndProject
Project("{9A19103F-16F7-4668-BE54-9A1E7A4F7556}") = "DotVVM.Samples.Common", "DotVVM.Samples.Common\DotVVM.Samples.Common.csproj", "{A3A42DD2-941F-4650-93DF-2320008FC9CF}"
EndProject
Project("{9A19103F-16F7-4668-BE54-9A1E7A4F7556}") = "DotVVM.Samples.BasicSamples.Api.Common", "DotVVM.Samples.BasicSamples.Api.Common\DotVVM.Samples.BasicSamples.Api.Common.csproj", "{591CE525-01A6-4BE2-AB0A-299D1C60A776}"
EndProject
Project("{9A19103F-16F7-4668-BE54-9A1E7A4F7556}") = "DotVVM.Framework.Hosting.Owin", "DotVVM.Framework.Hosting.Owin\DotVVM.Framework.Hosting.Owin.csproj", "{36A204B5-F628-4064-A5A8-14E7490B7784}"
EndProject
Project("{FAE04EC0-301F-11D3-BF4B-00C04F79EFBC}") = "DotVVM.Framework.Api.Swashbuckle.Owin.Tests", "DotVVM.Framework.Api.Swashbuckle.Owin.Tests\DotVVM.Framework.Api.Swashbuckle.Owin.Tests.csproj", "{CDAA2A06-2070-4F85-BD35-8C910013FB77}"
EndProject
Project("{9A19103F-16F7-4668-BE54-9A1E7A4F7556}") = "DotVVM.Framework.Tests.Owin", "DotVVM.Framework.Tests.Owin\DotVVM.Framework.Tests.Owin.csproj", "{38A2F1A8-4BEA-47A7-8E21-DF80AA89B972}"
EndProject
Project("{FAE04EC0-301F-11D3-BF4B-00C04F79EFBC}") = "DotVVM.Samples.BasicSamples.Api.Owin", "DotVVM.Samples.BasicSamples.Api.Owin\DotVVM.Samples.BasicSamples.Api.Owin.csproj", "{5B5B07E7-BC20-4168-BE55-CF9414575D47}"
EndProject
Project("{FAE04EC0-301F-11D3-BF4B-00C04F79EFBC}") = "DotVVM.Samples.BasicSamples.Owin", "DotVVM.Samples.BasicSamples.Owin\DotVVM.Samples.BasicSamples.Owin.csproj", "{1C7A9914-8CDC-4075-9422-37BD0E51C076}"
EndProject
Project("{9A19103F-16F7-4668-BE54-9A1E7A4F7556}") = "DotVVM.Samples.Tests", "DotVVM.Samples.Tests\DotVVM.Samples.Tests.csproj", "{10B55EE1-5F8A-41BD-B804-59FA2646DD8A}"
EndProject
Project("{FAE04EC0-301F-11D3-BF4B-00C04F79EFBC}") = "DotVVM.Testing.Abstractions", "DotVVM.Testing.Abstractions\DotVVM.Testing.Abstractions.csproj", "{89D211A0-2CF5-491F-BF23-9C92E211ABAD}"
EndProject
Global
	GlobalSection(SolutionConfigurationPlatforms) = preSolution
		Debug|Any CPU = Debug|Any CPU
		Debug|x64 = Debug|x64
		Debug|x86 = Debug|x86
		Release|Any CPU = Release|Any CPU
		Release|x64 = Release|x64
		Release|x86 = Release|x86
	EndGlobalSection
	GlobalSection(ProjectConfigurationPlatforms) = postSolution
		{9BC2F77B-9C80-4435-8B12-2B010C0ADE5C}.Debug|Any CPU.ActiveCfg = Debug|Any CPU
		{9BC2F77B-9C80-4435-8B12-2B010C0ADE5C}.Debug|Any CPU.Build.0 = Debug|Any CPU
		{9BC2F77B-9C80-4435-8B12-2B010C0ADE5C}.Debug|x64.ActiveCfg = Debug|Any CPU
		{9BC2F77B-9C80-4435-8B12-2B010C0ADE5C}.Debug|x64.Build.0 = Debug|Any CPU
		{9BC2F77B-9C80-4435-8B12-2B010C0ADE5C}.Debug|x86.ActiveCfg = Debug|Any CPU
		{9BC2F77B-9C80-4435-8B12-2B010C0ADE5C}.Debug|x86.Build.0 = Debug|Any CPU
		{9BC2F77B-9C80-4435-8B12-2B010C0ADE5C}.Release|Any CPU.ActiveCfg = Release|Any CPU
		{9BC2F77B-9C80-4435-8B12-2B010C0ADE5C}.Release|Any CPU.Build.0 = Release|Any CPU
		{9BC2F77B-9C80-4435-8B12-2B010C0ADE5C}.Release|x64.ActiveCfg = Release|Any CPU
		{9BC2F77B-9C80-4435-8B12-2B010C0ADE5C}.Release|x64.Build.0 = Release|Any CPU
		{9BC2F77B-9C80-4435-8B12-2B010C0ADE5C}.Release|x86.ActiveCfg = Release|Any CPU
		{9BC2F77B-9C80-4435-8B12-2B010C0ADE5C}.Release|x86.Build.0 = Release|Any CPU
		{0C6F5339-5FED-47A5-9130-BFB7D282B7BF}.Debug|Any CPU.ActiveCfg = Debug|Any CPU
		{0C6F5339-5FED-47A5-9130-BFB7D282B7BF}.Debug|Any CPU.Build.0 = Debug|Any CPU
		{0C6F5339-5FED-47A5-9130-BFB7D282B7BF}.Debug|x64.ActiveCfg = Debug|Any CPU
		{0C6F5339-5FED-47A5-9130-BFB7D282B7BF}.Debug|x64.Build.0 = Debug|Any CPU
		{0C6F5339-5FED-47A5-9130-BFB7D282B7BF}.Debug|x86.ActiveCfg = Debug|Any CPU
		{0C6F5339-5FED-47A5-9130-BFB7D282B7BF}.Debug|x86.Build.0 = Debug|Any CPU
		{0C6F5339-5FED-47A5-9130-BFB7D282B7BF}.Release|Any CPU.ActiveCfg = Release|Any CPU
		{0C6F5339-5FED-47A5-9130-BFB7D282B7BF}.Release|Any CPU.Build.0 = Release|Any CPU
		{0C6F5339-5FED-47A5-9130-BFB7D282B7BF}.Release|x64.ActiveCfg = Release|Any CPU
		{0C6F5339-5FED-47A5-9130-BFB7D282B7BF}.Release|x64.Build.0 = Release|Any CPU
		{0C6F5339-5FED-47A5-9130-BFB7D282B7BF}.Release|x86.ActiveCfg = Release|Any CPU
		{0C6F5339-5FED-47A5-9130-BFB7D282B7BF}.Release|x86.Build.0 = Release|Any CPU
		{24A24726-BF8A-4AE1-8B7C-2EAADA195955}.Debug|Any CPU.ActiveCfg = Debug|Any CPU
		{24A24726-BF8A-4AE1-8B7C-2EAADA195955}.Debug|Any CPU.Build.0 = Debug|Any CPU
		{24A24726-BF8A-4AE1-8B7C-2EAADA195955}.Debug|x64.ActiveCfg = Debug|Any CPU
		{24A24726-BF8A-4AE1-8B7C-2EAADA195955}.Debug|x64.Build.0 = Debug|Any CPU
		{24A24726-BF8A-4AE1-8B7C-2EAADA195955}.Debug|x86.ActiveCfg = Debug|Any CPU
		{24A24726-BF8A-4AE1-8B7C-2EAADA195955}.Debug|x86.Build.0 = Debug|Any CPU
		{24A24726-BF8A-4AE1-8B7C-2EAADA195955}.Release|Any CPU.ActiveCfg = Release|Any CPU
		{24A24726-BF8A-4AE1-8B7C-2EAADA195955}.Release|Any CPU.Build.0 = Release|Any CPU
		{24A24726-BF8A-4AE1-8B7C-2EAADA195955}.Release|x64.ActiveCfg = Release|Any CPU
		{24A24726-BF8A-4AE1-8B7C-2EAADA195955}.Release|x64.Build.0 = Release|Any CPU
		{24A24726-BF8A-4AE1-8B7C-2EAADA195955}.Release|x86.ActiveCfg = Release|Any CPU
		{24A24726-BF8A-4AE1-8B7C-2EAADA195955}.Release|x86.Build.0 = Release|Any CPU
		{D03D7DB1-A0FF-464F-8A96-296B8592F524}.Debug|Any CPU.ActiveCfg = Debug|Any CPU
		{D03D7DB1-A0FF-464F-8A96-296B8592F524}.Debug|Any CPU.Build.0 = Debug|Any CPU
		{D03D7DB1-A0FF-464F-8A96-296B8592F524}.Debug|x64.ActiveCfg = Debug|Any CPU
		{D03D7DB1-A0FF-464F-8A96-296B8592F524}.Debug|x64.Build.0 = Debug|Any CPU
		{D03D7DB1-A0FF-464F-8A96-296B8592F524}.Debug|x86.ActiveCfg = Debug|Any CPU
		{D03D7DB1-A0FF-464F-8A96-296B8592F524}.Debug|x86.Build.0 = Debug|Any CPU
		{D03D7DB1-A0FF-464F-8A96-296B8592F524}.Release|Any CPU.ActiveCfg = Release|Any CPU
		{D03D7DB1-A0FF-464F-8A96-296B8592F524}.Release|Any CPU.Build.0 = Release|Any CPU
		{D03D7DB1-A0FF-464F-8A96-296B8592F524}.Release|x64.ActiveCfg = Release|Any CPU
		{D03D7DB1-A0FF-464F-8A96-296B8592F524}.Release|x64.Build.0 = Release|Any CPU
		{D03D7DB1-A0FF-464F-8A96-296B8592F524}.Release|x86.ActiveCfg = Release|Any CPU
		{D03D7DB1-A0FF-464F-8A96-296B8592F524}.Release|x86.Build.0 = Release|Any CPU
		{A3A42DD2-941F-4650-93DF-2320008FC9CF}.Debug|Any CPU.ActiveCfg = Debug|Any CPU
		{A3A42DD2-941F-4650-93DF-2320008FC9CF}.Debug|Any CPU.Build.0 = Debug|Any CPU
		{A3A42DD2-941F-4650-93DF-2320008FC9CF}.Debug|x64.ActiveCfg = Debug|Any CPU
		{A3A42DD2-941F-4650-93DF-2320008FC9CF}.Debug|x64.Build.0 = Debug|Any CPU
		{A3A42DD2-941F-4650-93DF-2320008FC9CF}.Debug|x86.ActiveCfg = Debug|Any CPU
		{A3A42DD2-941F-4650-93DF-2320008FC9CF}.Debug|x86.Build.0 = Debug|Any CPU
		{A3A42DD2-941F-4650-93DF-2320008FC9CF}.Release|Any CPU.ActiveCfg = Release|Any CPU
		{A3A42DD2-941F-4650-93DF-2320008FC9CF}.Release|Any CPU.Build.0 = Release|Any CPU
		{A3A42DD2-941F-4650-93DF-2320008FC9CF}.Release|x64.ActiveCfg = Release|Any CPU
		{A3A42DD2-941F-4650-93DF-2320008FC9CF}.Release|x64.Build.0 = Release|Any CPU
		{A3A42DD2-941F-4650-93DF-2320008FC9CF}.Release|x86.ActiveCfg = Release|Any CPU
		{A3A42DD2-941F-4650-93DF-2320008FC9CF}.Release|x86.Build.0 = Release|Any CPU
		{591CE525-01A6-4BE2-AB0A-299D1C60A776}.Debug|Any CPU.ActiveCfg = Debug|Any CPU
		{591CE525-01A6-4BE2-AB0A-299D1C60A776}.Debug|Any CPU.Build.0 = Debug|Any CPU
		{591CE525-01A6-4BE2-AB0A-299D1C60A776}.Debug|x64.ActiveCfg = Debug|Any CPU
		{591CE525-01A6-4BE2-AB0A-299D1C60A776}.Debug|x64.Build.0 = Debug|Any CPU
		{591CE525-01A6-4BE2-AB0A-299D1C60A776}.Debug|x86.ActiveCfg = Debug|Any CPU
		{591CE525-01A6-4BE2-AB0A-299D1C60A776}.Debug|x86.Build.0 = Debug|Any CPU
		{591CE525-01A6-4BE2-AB0A-299D1C60A776}.Release|Any CPU.ActiveCfg = Release|Any CPU
		{591CE525-01A6-4BE2-AB0A-299D1C60A776}.Release|Any CPU.Build.0 = Release|Any CPU
		{591CE525-01A6-4BE2-AB0A-299D1C60A776}.Release|x64.ActiveCfg = Release|Any CPU
		{591CE525-01A6-4BE2-AB0A-299D1C60A776}.Release|x64.Build.0 = Release|Any CPU
		{591CE525-01A6-4BE2-AB0A-299D1C60A776}.Release|x86.ActiveCfg = Release|Any CPU
		{591CE525-01A6-4BE2-AB0A-299D1C60A776}.Release|x86.Build.0 = Release|Any CPU
		{36A204B5-F628-4064-A5A8-14E7490B7784}.Debug|Any CPU.ActiveCfg = Debug|Any CPU
		{36A204B5-F628-4064-A5A8-14E7490B7784}.Debug|Any CPU.Build.0 = Debug|Any CPU
		{36A204B5-F628-4064-A5A8-14E7490B7784}.Debug|x64.ActiveCfg = Debug|Any CPU
		{36A204B5-F628-4064-A5A8-14E7490B7784}.Debug|x64.Build.0 = Debug|Any CPU
		{36A204B5-F628-4064-A5A8-14E7490B7784}.Debug|x86.ActiveCfg = Debug|Any CPU
		{36A204B5-F628-4064-A5A8-14E7490B7784}.Debug|x86.Build.0 = Debug|Any CPU
		{36A204B5-F628-4064-A5A8-14E7490B7784}.Release|Any CPU.ActiveCfg = Release|Any CPU
		{36A204B5-F628-4064-A5A8-14E7490B7784}.Release|Any CPU.Build.0 = Release|Any CPU
		{36A204B5-F628-4064-A5A8-14E7490B7784}.Release|x64.ActiveCfg = Release|Any CPU
		{36A204B5-F628-4064-A5A8-14E7490B7784}.Release|x64.Build.0 = Release|Any CPU
		{36A204B5-F628-4064-A5A8-14E7490B7784}.Release|x86.ActiveCfg = Release|Any CPU
		{36A204B5-F628-4064-A5A8-14E7490B7784}.Release|x86.Build.0 = Release|Any CPU
		{CDAA2A06-2070-4F85-BD35-8C910013FB77}.Debug|Any CPU.ActiveCfg = Debug|Any CPU
		{CDAA2A06-2070-4F85-BD35-8C910013FB77}.Debug|Any CPU.Build.0 = Debug|Any CPU
		{CDAA2A06-2070-4F85-BD35-8C910013FB77}.Debug|x64.ActiveCfg = Debug|Any CPU
		{CDAA2A06-2070-4F85-BD35-8C910013FB77}.Debug|x64.Build.0 = Debug|Any CPU
		{CDAA2A06-2070-4F85-BD35-8C910013FB77}.Debug|x86.ActiveCfg = Debug|Any CPU
		{CDAA2A06-2070-4F85-BD35-8C910013FB77}.Debug|x86.Build.0 = Debug|Any CPU
		{CDAA2A06-2070-4F85-BD35-8C910013FB77}.Release|Any CPU.ActiveCfg = Release|Any CPU
		{CDAA2A06-2070-4F85-BD35-8C910013FB77}.Release|Any CPU.Build.0 = Release|Any CPU
		{CDAA2A06-2070-4F85-BD35-8C910013FB77}.Release|x64.ActiveCfg = Release|Any CPU
		{CDAA2A06-2070-4F85-BD35-8C910013FB77}.Release|x64.Build.0 = Release|Any CPU
		{CDAA2A06-2070-4F85-BD35-8C910013FB77}.Release|x86.ActiveCfg = Release|Any CPU
		{CDAA2A06-2070-4F85-BD35-8C910013FB77}.Release|x86.Build.0 = Release|Any CPU
		{38A2F1A8-4BEA-47A7-8E21-DF80AA89B972}.Debug|Any CPU.ActiveCfg = Debug|Any CPU
		{38A2F1A8-4BEA-47A7-8E21-DF80AA89B972}.Debug|Any CPU.Build.0 = Debug|Any CPU
		{38A2F1A8-4BEA-47A7-8E21-DF80AA89B972}.Debug|x64.ActiveCfg = Debug|Any CPU
		{38A2F1A8-4BEA-47A7-8E21-DF80AA89B972}.Debug|x64.Build.0 = Debug|Any CPU
		{38A2F1A8-4BEA-47A7-8E21-DF80AA89B972}.Debug|x86.ActiveCfg = Debug|Any CPU
		{38A2F1A8-4BEA-47A7-8E21-DF80AA89B972}.Debug|x86.Build.0 = Debug|Any CPU
		{38A2F1A8-4BEA-47A7-8E21-DF80AA89B972}.Release|Any CPU.ActiveCfg = Release|Any CPU
		{38A2F1A8-4BEA-47A7-8E21-DF80AA89B972}.Release|Any CPU.Build.0 = Release|Any CPU
		{38A2F1A8-4BEA-47A7-8E21-DF80AA89B972}.Release|x64.ActiveCfg = Release|Any CPU
		{38A2F1A8-4BEA-47A7-8E21-DF80AA89B972}.Release|x64.Build.0 = Release|Any CPU
		{38A2F1A8-4BEA-47A7-8E21-DF80AA89B972}.Release|x86.ActiveCfg = Release|Any CPU
		{38A2F1A8-4BEA-47A7-8E21-DF80AA89B972}.Release|x86.Build.0 = Release|Any CPU
		{5B5B07E7-BC20-4168-BE55-CF9414575D47}.Debug|Any CPU.ActiveCfg = Debug|Any CPU
		{5B5B07E7-BC20-4168-BE55-CF9414575D47}.Debug|Any CPU.Build.0 = Debug|Any CPU
		{5B5B07E7-BC20-4168-BE55-CF9414575D47}.Debug|x64.ActiveCfg = Debug|Any CPU
		{5B5B07E7-BC20-4168-BE55-CF9414575D47}.Debug|x64.Build.0 = Debug|Any CPU
		{5B5B07E7-BC20-4168-BE55-CF9414575D47}.Debug|x86.ActiveCfg = Debug|Any CPU
		{5B5B07E7-BC20-4168-BE55-CF9414575D47}.Debug|x86.Build.0 = Debug|Any CPU
		{5B5B07E7-BC20-4168-BE55-CF9414575D47}.Release|Any CPU.ActiveCfg = Release|Any CPU
		{5B5B07E7-BC20-4168-BE55-CF9414575D47}.Release|Any CPU.Build.0 = Release|Any CPU
		{5B5B07E7-BC20-4168-BE55-CF9414575D47}.Release|x64.ActiveCfg = Release|Any CPU
		{5B5B07E7-BC20-4168-BE55-CF9414575D47}.Release|x64.Build.0 = Release|Any CPU
		{5B5B07E7-BC20-4168-BE55-CF9414575D47}.Release|x86.ActiveCfg = Release|Any CPU
		{5B5B07E7-BC20-4168-BE55-CF9414575D47}.Release|x86.Build.0 = Release|Any CPU
		{1C7A9914-8CDC-4075-9422-37BD0E51C076}.Debug|Any CPU.ActiveCfg = Debug|Any CPU
		{1C7A9914-8CDC-4075-9422-37BD0E51C076}.Debug|Any CPU.Build.0 = Debug|Any CPU
		{1C7A9914-8CDC-4075-9422-37BD0E51C076}.Debug|x64.ActiveCfg = Debug|Any CPU
		{1C7A9914-8CDC-4075-9422-37BD0E51C076}.Debug|x64.Build.0 = Debug|Any CPU
		{1C7A9914-8CDC-4075-9422-37BD0E51C076}.Debug|x86.ActiveCfg = Debug|Any CPU
		{1C7A9914-8CDC-4075-9422-37BD0E51C076}.Debug|x86.Build.0 = Debug|Any CPU
		{1C7A9914-8CDC-4075-9422-37BD0E51C076}.Release|Any CPU.ActiveCfg = Release|Any CPU
		{1C7A9914-8CDC-4075-9422-37BD0E51C076}.Release|Any CPU.Build.0 = Release|Any CPU
		{1C7A9914-8CDC-4075-9422-37BD0E51C076}.Release|x64.ActiveCfg = Release|Any CPU
		{1C7A9914-8CDC-4075-9422-37BD0E51C076}.Release|x64.Build.0 = Release|Any CPU
		{1C7A9914-8CDC-4075-9422-37BD0E51C076}.Release|x86.ActiveCfg = Release|Any CPU
		{1C7A9914-8CDC-4075-9422-37BD0E51C076}.Release|x86.Build.0 = Release|Any CPU
		{10B55EE1-5F8A-41BD-B804-59FA2646DD8A}.Debug|Any CPU.ActiveCfg = Debug|Any CPU
		{10B55EE1-5F8A-41BD-B804-59FA2646DD8A}.Debug|Any CPU.Build.0 = Debug|Any CPU
		{10B55EE1-5F8A-41BD-B804-59FA2646DD8A}.Debug|x64.ActiveCfg = Debug|Any CPU
		{10B55EE1-5F8A-41BD-B804-59FA2646DD8A}.Debug|x64.Build.0 = Debug|Any CPU
		{10B55EE1-5F8A-41BD-B804-59FA2646DD8A}.Debug|x86.ActiveCfg = Debug|Any CPU
		{10B55EE1-5F8A-41BD-B804-59FA2646DD8A}.Debug|x86.Build.0 = Debug|Any CPU
		{10B55EE1-5F8A-41BD-B804-59FA2646DD8A}.Release|Any CPU.ActiveCfg = Release|Any CPU
		{10B55EE1-5F8A-41BD-B804-59FA2646DD8A}.Release|Any CPU.Build.0 = Release|Any CPU
		{10B55EE1-5F8A-41BD-B804-59FA2646DD8A}.Release|x64.ActiveCfg = Release|Any CPU
		{10B55EE1-5F8A-41BD-B804-59FA2646DD8A}.Release|x64.Build.0 = Release|Any CPU
		{10B55EE1-5F8A-41BD-B804-59FA2646DD8A}.Release|x86.ActiveCfg = Release|Any CPU
		{10B55EE1-5F8A-41BD-B804-59FA2646DD8A}.Release|x86.Build.0 = Release|Any CPU
		{89D211A0-2CF5-491F-BF23-9C92E211ABAD}.Debug|Any CPU.ActiveCfg = Debug|Any CPU
		{89D211A0-2CF5-491F-BF23-9C92E211ABAD}.Debug|Any CPU.Build.0 = Debug|Any CPU
		{89D211A0-2CF5-491F-BF23-9C92E211ABAD}.Debug|x64.ActiveCfg = Debug|Any CPU
		{89D211A0-2CF5-491F-BF23-9C92E211ABAD}.Debug|x64.Build.0 = Debug|Any CPU
		{89D211A0-2CF5-491F-BF23-9C92E211ABAD}.Debug|x86.ActiveCfg = Debug|Any CPU
		{89D211A0-2CF5-491F-BF23-9C92E211ABAD}.Debug|x86.Build.0 = Debug|Any CPU
		{89D211A0-2CF5-491F-BF23-9C92E211ABAD}.Release|Any CPU.ActiveCfg = Release|Any CPU
		{89D211A0-2CF5-491F-BF23-9C92E211ABAD}.Release|Any CPU.Build.0 = Release|Any CPU
		{89D211A0-2CF5-491F-BF23-9C92E211ABAD}.Release|x64.ActiveCfg = Release|Any CPU
		{89D211A0-2CF5-491F-BF23-9C92E211ABAD}.Release|x64.Build.0 = Release|Any CPU
		{89D211A0-2CF5-491F-BF23-9C92E211ABAD}.Release|x86.ActiveCfg = Release|Any CPU
		{89D211A0-2CF5-491F-BF23-9C92E211ABAD}.Release|x86.Build.0 = Release|Any CPU
	EndGlobalSection
	GlobalSection(SolutionProperties) = preSolution
		HideSolutionNode = FALSE
	EndGlobalSection
	GlobalSection(ExtensibilityGlobals) = postSolution
		SolutionGuid = {A8867893-3824-4877-BCA5-CB4AB3D26D2D}
	EndGlobalSection
EndGlobal
