{
  "version": 1,
  "dependencies": {
    ".NETFramework,Version=v4.5.1": {
      "Swashbuckle.Core": {
        "type": "Direct",
        "requested": "[5.6.0, )",
        "resolved": "5.6.0",
        "contentHash": "GhVWgtB8hCOxQhx7zLiiRyoi6flm7fNDDGILYHWktxLMkykRUz90fhmLRZECmnbvCcepFyROiw3phS1XorhdDg==",
        "dependencies": {
          "Microsoft.AspNet.WebApi.Core": "4.0.20710",
          "Newtonsoft.Json": "7.0.1"
        }
      },
      "Microsoft.AspNet.WebApi.Client": {
        "type": "Transitive",
        "resolved": "4.0.20710",
        "contentHash": "BwFtW0cGr8tg02XalvF8MmznOpYrhquD2eXWI0oF3LLSqLMFoFkb8Pmke/7SnqkiNc+YfsaUqdXEKbjhv1Ctrw==",
        "dependencies": {
          "Microsoft.Net.Http": "[2.0.20710, 2.1.0)",
          "Newtonsoft.Json": "4.5.6"
        }
      },
      "Microsoft.AspNet.WebApi.Core": {
        "type": "Transitive",
        "resolved": "4.0.20710",
        "contentHash": "ufD+tH4W7+eNsb4pzX5oFTDcgI6J3lffughFTkyLHPBZ+A4Eo+VncAxt3lbt9zxxbLHXIbgJHYRLvtgR5YEZAQ==",
        "dependencies": {
          "Microsoft.AspNet.WebApi.Client": "[4.0.20710, 4.1.0)"
        }
      },
      "Microsoft.Net.Http": {
        "type": "Transitive",
        "resolved": "2.0.20710",
        "contentHash": "OsB/5QO9tYJRLYIgBOhRl4Tssh3pw7+UAO9tMGMBg63f98GfjsniVIwLWRC0vcRr/F6HLP/NvRlHyGBhtD7Bmw=="
      },
      "Newtonsoft.Json": {
        "type": "Transitive",
        "resolved": "10.0.3",
        "contentHash": "hSXaFmh7hNCuEoC4XNY5DrRkLDzYHqPx/Ik23R4J86Z7PE/Y6YidhG602dFVdLBRSdG6xp9NabH3dXpcoxWvww=="
      },
      "dotvvm.core": {
        "type": "Project",
        "dependencies": {
          "Newtonsoft.Json": "10.0.3"
        }
      }
    }
  }
}